
Microsoft Visual Studio Solution File, Format Version 12.00
# Visual Studio 2012
Project("{FAE04EC0-301F-11D3-BF4B-00C04F79EFBC}") = "PotentiometerWithEvents_43", "PotentiometerWithEvents\PotentiometerWithEvents_43\PotentiometerWithEvents_43.csproj", "{4165C26E-F3EF-4A66-9672-4E7B2D5BC749}"
EndProject
Project("{FAE04EC0-301F-11D3-BF4B-00C04F79EFBC}") = "PotentiometerWithEvents", "PotentiometerWithEvents\PotentiometerWithEvents\PotentiometerWithEvents.csproj", "{ACCDA93B-7B04-43F6-B6AC-01EC6F4BA635}"
EndProject
Global
	GlobalSection(SolutionConfigurationPlatforms) = preSolution
		Debug|Any CPU = Debug|Any CPU
		Release|Any CPU = Release|Any CPU
	EndGlobalSection
	GlobalSection(ProjectConfigurationPlatforms) = postSolution
		{4165C26E-F3EF-4A66-9672-4E7B2D5BC749}.Debug|Any CPU.ActiveCfg = Debug|Any CPU
		{4165C26E-F3EF-4A66-9672-4E7B2D5BC749}.Debug|Any CPU.Build.0 = Debug|Any CPU
		{4165C26E-F3EF-4A66-9672-4E7B2D5BC749}.Release|Any CPU.ActiveCfg = Release|Any CPU
		{4165C26E-F3EF-4A66-9672-4E7B2D5BC749}.Release|Any CPU.Build.0 = Release|Any CPU
		{ACCDA93B-7B04-43F6-B6AC-01EC6F4BA635}.Debug|Any CPU.ActiveCfg = Debug|Any CPU
		{ACCDA93B-7B04-43F6-B6AC-01EC6F4BA635}.Debug|Any CPU.Build.0 = Debug|Any CPU
		{ACCDA93B-7B04-43F6-B6AC-01EC6F4BA635}.Release|Any CPU.ActiveCfg = Release|Any CPU
		{ACCDA93B-7B04-43F6-B6AC-01EC6F4BA635}.Release|Any CPU.Build.0 = Release|Any CPU
	EndGlobalSection
	GlobalSection(SolutionProperties) = preSolution
		HideSolutionNode = FALSE
	EndGlobalSection
EndGlobal
